
Microsoft Visual Studio Solution File, Format Version 12.00
# Visual Studio Version 17
VisualStudioVersion = 17.0.31903.59
MinimumVisualStudioVersion = 10.0.40219.1
Project("{FAE04EC0-301F-11D3-BF4B-00C04F79EFBC}") = "TicTacToeDiscordBOT", "TicTacToeDiscordBOT\TicTacToeDiscordBOT.csproj", "{A899A3E5-6014-45EE-8712-D1B5779B6CA3}"
EndProject
Global
	GlobalSection(SolutionConfigurationPlatforms) = preSolution
		Debug|Any CPU = Debug|Any CPU
		Release|Any CPU = Release|Any CPU
	EndGlobalSection
	GlobalSection(ProjectConfigurationPlatforms) = postSolution
		{A899A3E5-6014-45EE-8712-D1B5779B6CA3}.Debug|Any CPU.ActiveCfg = Debug|Any CPU
		{A899A3E5-6014-45EE-8712-D1B5779B6CA3}.Debug|Any CPU.Build.0 = Debug|Any CPU
		{A899A3E5-6014-45EE-8712-D1B5779B6CA3}.Release|Any CPU.ActiveCfg = Release|Any CPU
		{A899A3E5-6014-45EE-8712-D1B5779B6CA3}.Release|Any CPU.Build.0 = Release|Any CPU
	EndGlobalSection
	GlobalSection(SolutionProperties) = preSolution
		HideSolutionNode = FALSE
	EndGlobalSection
	GlobalSection(ExtensibilityGlobals) = postSolution
		SolutionGuid = {3BF2119E-8C9F-475E-8AA4-AF827E69E568}
	EndGlobalSection
EndGlobal
